// !$*UTF8*$!
{
	archiveVersion = 1;
	classes = {
	};
	objectVersion = 51;
	objects = {

/* Begin PBXBuildFile section */
		11051B7925C9A79D00477F32 /* ClientsViewController.swift in Sources */ = {isa = PBXBuildFile; fileRef = 11051B7825C9A79D00477F32 /* ClientsViewController.swift */; };
		111C9C7325C1570900E63289 /* AppDelegate.swift in Sources */ = {isa = PBXBuildFile; fileRef = 111C9C7225C1570900E63289 /* AppDelegate.swift */; };
		111C9C7525C1570900E63289 /* SceneDelegate.swift in Sources */ = {isa = PBXBuildFile; fileRef = 111C9C7425C1570900E63289 /* SceneDelegate.swift */; };
		111C9C7725C1570900E63289 /* ViewController.swift in Sources */ = {isa = PBXBuildFile; fileRef = 111C9C7625C1570900E63289 /* ViewController.swift */; };
		111C9C7A25C1570900E63289 /* Main.storyboard in Resources */ = {isa = PBXBuildFile; fileRef = 111C9C7825C1570900E63289 /* Main.storyboard */; };
		111C9C7C25C1570B00E63289 /* Assets.xcassets in Resources */ = {isa = PBXBuildFile; fileRef = 111C9C7B25C1570B00E63289 /* Assets.xcassets */; };
		111C9C7F25C1570B00E63289 /* LaunchScreen.storyboard in Resources */ = {isa = PBXBuildFile; fileRef = 111C9C7D25C1570B00E63289 /* LaunchScreen.storyboard */; };
		113B9A5C25F0F5790078D553 /* UserViewController.swift in Sources */ = {isa = PBXBuildFile; fileRef = 113B9A5B25F0F5790078D553 /* UserViewController.swift */; };
		113B9A5F25F0F6C00078D553 /* User.swift in Sources */ = {isa = PBXBuildFile; fileRef = 113B9A5E25F0F6C00078D553 /* User.swift */; };
		113CB18226259BB600BDA963 /* OrdersDataBase.swift in Sources */ = {isa = PBXBuildFile; fileRef = 113CB18126259BB600BDA963 /* OrdersDataBase.swift */; };
		113CB18526259BD300BDA963 /* CompletedOrdersController.swift in Sources */ = {isa = PBXBuildFile; fileRef = 113CB18426259BD300BDA963 /* CompletedOrdersController.swift */; };
		113CB1882625AD3A00BDA963 /* CompletedTableViewCell.swift in Sources */ = {isa = PBXBuildFile; fileRef = 113CB1872625AD3A00BDA963 /* CompletedTableViewCell.swift */; };
		116C372225C98ABC0074647E /* ManagmentViewController.swift in Sources */ = {isa = PBXBuildFile; fileRef = 116C372125C98ABC0074647E /* ManagmentViewController.swift */; };
		116C372525C98B870074647E /* ManagmentTableViewCell.swift in Sources */ = {isa = PBXBuildFile; fileRef = 116C372425C98B870074647E /* ManagmentTableViewCell.swift */; };
		11A64E06261787CF008470EF /* ToDoController.swift in Sources */ = {isa = PBXBuildFile; fileRef = 11A64E05261787CF008470EF /* ToDoController.swift */; };
		11A72CFE25F7A6E100E944E7 /* ClientsDataBase.swift in Sources */ = {isa = PBXBuildFile; fileRef = 11A72CFD25F7A6E100E944E7 /* ClientsDataBase.swift */; };
		11A72D0525F7C26400E944E7 /* ClientTableViewCell.swift in Sources */ = {isa = PBXBuildFile; fileRef = 11A72D0425F7C26400E944E7 /* ClientTableViewCell.swift */; };
		11A72D0825F7C80C00E944E7 /* MainClientViewController.swift in Sources */ = {isa = PBXBuildFile; fileRef = 11A72D0725F7C80C00E944E7 /* MainClientViewController.swift */; };
		11D4C762261F0F3600D83167 /* AnimationViewController.swift in Sources */ = {isa = PBXBuildFile; fileRef = 11D4C761261F0F3600D83167 /* AnimationViewController.swift */; };
		11D4C7752624781400D83167 /* OrdersTableViewCell.swift in Sources */ = {isa = PBXBuildFile; fileRef = 11D4C7742624781400D83167 /* OrdersTableViewCell.swift */; };
		11D4C7782624782B00D83167 /* OrdersController.swift in Sources */ = {isa = PBXBuildFile; fileRef = 11D4C7772624782B00D83167 /* OrdersController.swift */; };
		11D4C77B2624787900D83167 /* OrdersModel.swift in Sources */ = {isa = PBXBuildFile; fileRef = 11D4C77A2624787900D83167 /* OrdersModel.swift */; };
		11D4C77E2624791500D83167 /* AddOrderController.swift in Sources */ = {isa = PBXBuildFile; fileRef = 11D4C77D2624791500D83167 /* AddOrderController.swift */; };
		11E70C092601F04400822EF6 /* MOBI250.swift in Sources */ = {isa = PBXBuildFile; fileRef = 11E70C082601F04400822EF6 /* MOBI250.swift */; };
		11E70C0C260201CD00822EF6 /* MainMOBEScreen.swift in Sources */ = {isa = PBXBuildFile; fileRef = 11E70C0B260201CD00822EF6 /* MainMOBEScreen.swift */; };
		11E70C0F2603508D00822EF6 /* MOBI120.swift in Sources */ = {isa = PBXBuildFile; fileRef = 11E70C0E2603508D00822EF6 /* MOBI120.swift */; };
		11E70C12260355E100822EF6 /* MOBI200.swift in Sources */ = {isa = PBXBuildFile; fileRef = 11E70C11260355E100822EF6 /* MOBI200.swift */; };
		11E70C1526035E2100822EF6 /* MOBI300.swift in Sources */ = {isa = PBXBuildFile; fileRef = 11E70C1426035E2100822EF6 /* MOBI300.swift */; };
		A5BC287DEAD7C5D39D11F35F /* Pods_Worky_.framework in Frameworks */ = {isa = PBXBuildFile; fileRef = 355CD04F8CC3A6DA346C0065 /* Pods_Worky_.framework */; };
/* End PBXBuildFile section */

/* Begin PBXFileReference section */
		11051B7825C9A79D00477F32 /* ClientsViewController.swift */ = {isa = PBXFileReference; lastKnownFileType = sourcecode.swift; path = ClientsViewController.swift; sourceTree = "<group>"; };
		111C9C6F25C1570900E63289 /* Worky..app */ = {isa = PBXFileReference; explicitFileType = wrapper.application; includeInIndex = 0; path = Worky..app; sourceTree = BUILT_PRODUCTS_DIR; };
		111C9C7225C1570900E63289 /* AppDelegate.swift */ = {isa = PBXFileReference; lastKnownFileType = sourcecode.swift; path = AppDelegate.swift; sourceTree = "<group>"; };
		111C9C7425C1570900E63289 /* SceneDelegate.swift */ = {isa = PBXFileReference; lastKnownFileType = sourcecode.swift; path = SceneDelegate.swift; sourceTree = "<group>"; };
		111C9C7625C1570900E63289 /* ViewController.swift */ = {isa = PBXFileReference; lastKnownFileType = sourcecode.swift; path = ViewController.swift; sourceTree = "<group>"; };
		111C9C7925C1570900E63289 /* Base */ = {isa = PBXFileReference; lastKnownFileType = file.storyboard; name = Base; path = Base.lproj/Main.storyboard; sourceTree = "<group>"; };
		111C9C7B25C1570B00E63289 /* Assets.xcassets */ = {isa = PBXFileReference; lastKnownFileType = folder.assetcatalog; path = Assets.xcassets; sourceTree = "<group>"; };
		111C9C7E25C1570B00E63289 /* Base */ = {isa = PBXFileReference; lastKnownFileType = file.storyboard; name = Base; path = Base.lproj/LaunchScreen.storyboard; sourceTree = "<group>"; };
		111C9C8025C1570B00E63289 /* Info.plist */ = {isa = PBXFileReference; lastKnownFileType = text.plist.xml; path = Info.plist; sourceTree = "<group>"; };
		113B9A5B25F0F5790078D553 /* UserViewController.swift */ = {isa = PBXFileReference; lastKnownFileType = sourcecode.swift; path = UserViewController.swift; sourceTree = "<group>"; };
		113B9A5E25F0F6C00078D553 /* User.swift */ = {isa = PBXFileReference; lastKnownFileType = sourcecode.swift; path = User.swift; sourceTree = "<group>"; };
		113CB18126259BB600BDA963 /* OrdersDataBase.swift */ = {isa = PBXFileReference; lastKnownFileType = sourcecode.swift; path = OrdersDataBase.swift; sourceTree = "<group>"; };
		113CB18426259BD300BDA963 /* CompletedOrdersController.swift */ = {isa = PBXFileReference; lastKnownFileType = sourcecode.swift; path = CompletedOrdersController.swift; sourceTree = "<group>"; };
		113CB1872625AD3A00BDA963 /* CompletedTableViewCell.swift */ = {isa = PBXFileReference; lastKnownFileType = sourcecode.swift; path = CompletedTableViewCell.swift; sourceTree = "<group>"; };
		116C372125C98ABC0074647E /* ManagmentViewController.swift */ = {isa = PBXFileReference; lastKnownFileType = sourcecode.swift; path = ManagmentViewController.swift; sourceTree = "<group>"; };
		116C372425C98B870074647E /* ManagmentTableViewCell.swift */ = {isa = PBXFileReference; lastKnownFileType = sourcecode.swift; path = ManagmentTableViewCell.swift; sourceTree = "<group>"; };
		11A64E05261787CF008470EF /* ToDoController.swift */ = {isa = PBXFileReference; lastKnownFileType = sourcecode.swift; path = ToDoController.swift; sourceTree = "<group>"; };
		11A72CFD25F7A6E100E944E7 /* ClientsDataBase.swift */ = {isa = PBXFileReference; lastKnownFileType = sourcecode.swift; path = ClientsDataBase.swift; sourceTree = "<group>"; };
		11A72D0425F7C26400E944E7 /* ClientTableViewCell.swift */ = {isa = PBXFileReference; lastKnownFileType = sourcecode.swift; path = ClientTableViewCell.swift; sourceTree = "<group>"; };
		11A72D0725F7C80C00E944E7 /* MainClientViewController.swift */ = {isa = PBXFileReference; lastKnownFileType = sourcecode.swift; path = MainClientViewController.swift; sourceTree = "<group>"; };
		11D4C761261F0F3600D83167 /* AnimationViewController.swift */ = {isa = PBXFileReference; lastKnownFileType = sourcecode.swift; path = AnimationViewController.swift; sourceTree = "<group>"; };
		11D4C7742624781400D83167 /* OrdersTableViewCell.swift */ = {isa = PBXFileReference; lastKnownFileType = sourcecode.swift; path = OrdersTableViewCell.swift; sourceTree = "<group>"; };
		11D4C7772624782B00D83167 /* OrdersController.swift */ = {isa = PBXFileReference; lastKnownFileType = sourcecode.swift; path = OrdersController.swift; sourceTree = "<group>"; };
		11D4C77A2624787900D83167 /* OrdersModel.swift */ = {isa = PBXFileReference; lastKnownFileType = sourcecode.swift; path = OrdersModel.swift; sourceTree = "<group>"; };
		11D4C77D2624791500D83167 /* AddOrderController.swift */ = {isa = PBXFileReference; lastKnownFileType = sourcecode.swift; path = AddOrderController.swift; sourceTree = "<group>"; };
		11E70C082601F04400822EF6 /* MOBI250.swift */ = {isa = PBXFileReference; lastKnownFileType = sourcecode.swift; path = MOBI250.swift; sourceTree = "<group>"; };
		11E70C0B260201CD00822EF6 /* MainMOBEScreen.swift */ = {isa = PBXFileReference; lastKnownFileType = sourcecode.swift; path = MainMOBEScreen.swift; sourceTree = "<group>"; };
		11E70C0E2603508D00822EF6 /* MOBI120.swift */ = {isa = PBXFileReference; lastKnownFileType = sourcecode.swift; path = MOBI120.swift; sourceTree = "<group>"; };
		11E70C11260355E100822EF6 /* MOBI200.swift */ = {isa = PBXFileReference; lastKnownFileType = sourcecode.swift; path = MOBI200.swift; sourceTree = "<group>"; };
		11E70C1426035E2100822EF6 /* MOBI300.swift */ = {isa = PBXFileReference; lastKnownFileType = sourcecode.swift; path = MOBI300.swift; sourceTree = "<group>"; };
		355CD04F8CC3A6DA346C0065 /* Pods_Worky_.framework */ = {isa = PBXFileReference; explicitFileType = wrapper.framework; includeInIndex = 0; path = Pods_Worky_.framework; sourceTree = BUILT_PRODUCTS_DIR; };
		CF883269893FB4F6FA275E95 /* Pods-Worky..release.xcconfig */ = {isa = PBXFileReference; includeInIndex = 1; lastKnownFileType = text.xcconfig; name = "Pods-Worky..release.xcconfig"; path = "Target Support Files/Pods-Worky./Pods-Worky..release.xcconfig"; sourceTree = "<group>"; };
		DB69145FFDB5B0905B3AA415 /* Pods-Worky..debug.xcconfig */ = {isa = PBXFileReference; includeInIndex = 1; lastKnownFileType = text.xcconfig; name = "Pods-Worky..debug.xcconfig"; path = "Target Support Files/Pods-Worky./Pods-Worky..debug.xcconfig"; sourceTree = "<group>"; };
/* End PBXFileReference section */

/* Begin PBXFrameworksBuildPhase section */
		111C9C6C25C1570900E63289 /* Frameworks */ = {
			isa = PBXFrameworksBuildPhase;
			buildActionMask = 2147483647;
			files = (
				A5BC287DEAD7C5D39D11F35F /* Pods_Worky_.framework in Frameworks */,
			);
			runOnlyForDeploymentPostprocessing = 0;
		};
/* End PBXFrameworksBuildPhase section */

/* Begin PBXGroup section */
		0B168889025B069AE8100261 /* Pods */ = {
			isa = PBXGroup;
			children = (
				DB69145FFDB5B0905B3AA415 /* Pods-Worky..debug.xcconfig */,
				CF883269893FB4F6FA275E95 /* Pods-Worky..release.xcconfig */,
			);
			path = Pods;
			sourceTree = "<group>";
		};
		111C9C6625C1570900E63289 = {
			isa = PBXGroup;
			children = (
				111C9C7125C1570900E63289 /* Worky. */,
				111C9C7025C1570900E63289 /* Products */,
				0B168889025B069AE8100261 /* Pods */,
				29EFF87F9E016593BF9AC2E0 /* Frameworks */,
			);
			sourceTree = "<group>";
		};
		111C9C7025C1570900E63289 /* Products */ = {
			isa = PBXGroup;
			children = (
				111C9C6F25C1570900E63289 /* Worky..app */,
			);
			name = Products;
			sourceTree = "<group>";
		};
		111C9C7125C1570900E63289 /* Worky. */ = {
			isa = PBXGroup;
			children = (
				111C9C7225C1570900E63289 /* AppDelegate.swift */,
				111C9C7425C1570900E63289 /* SceneDelegate.swift */,
				11D4C76A262477A400D83167 /* Managment */,
				11D4C7682624773200D83167 /* Clients */,
				11D4C766262476D500D83167 /* User */,
				11D4C765262476A900D83167 /* Completed orders */,
				11D4C764262476A100D83167 /* Orders */,
				11D4C75B261F0B4F00D83167 /* Launch */,
				11A64E032617874E008470EF /* ToDo */,
				11E70C072601F01E00822EF6 /* MOBI screen */,
				111C9C7625C1570900E63289 /* ViewController.swift */,
				111C9C7825C1570900E63289 /* Main.storyboard */,
				111C9C7B25C1570B00E63289 /* Assets.xcassets */,
				111C9C7D25C1570B00E63289 /* LaunchScreen.storyboard */,
				111C9C8025C1570B00E63289 /* Info.plist */,
			);
			path = Worky.;
			sourceTree = "<group>";
		};
		11A64E032617874E008470EF /* ToDo */ = {
			isa = PBXGroup;
			children = (
				11A64E05261787CF008470EF /* ToDoController.swift */,
			);
			path = ToDo;
			sourceTree = "<group>";
		};
		11D4C75B261F0B4F00D83167 /* Launch */ = {
			isa = PBXGroup;
			children = (
				11D4C761261F0F3600D83167 /* AnimationViewController.swift */,
			);
			path = Launch;
			sourceTree = "<group>";
		};
		11D4C764262476A100D83167 /* Orders */ = {
			isa = PBXGroup;
			children = (
				11D4C7742624781400D83167 /* OrdersTableViewCell.swift */,
				11D4C7772624782B00D83167 /* OrdersController.swift */,
				11D4C77A2624787900D83167 /* OrdersModel.swift */,
				11D4C77D2624791500D83167 /* AddOrderController.swift */,
			);
			path = Orders;
			sourceTree = "<group>";
		};
		11D4C765262476A900D83167 /* Completed orders */ = {
			isa = PBXGroup;
			children = (
				113CB18126259BB600BDA963 /* OrdersDataBase.swift */,
				113CB18426259BD300BDA963 /* CompletedOrdersController.swift */,
				113CB1872625AD3A00BDA963 /* CompletedTableViewCell.swift */,
			);
			path = "Completed orders";
			sourceTree = "<group>";
		};
		11D4C766262476D500D83167 /* User */ = {
			isa = PBXGroup;
			children = (
				113B9A5E25F0F6C00078D553 /* User.swift */,
				113B9A5B25F0F5790078D553 /* UserViewController.swift */,
			);
			path = User;
			sourceTree = "<group>";
		};
		11D4C7682624773200D83167 /* Clients */ = {
			isa = PBXGroup;
			children = (
				11A72D0425F7C26400E944E7 /* ClientTableViewCell.swift */,
				11A72D0725F7C80C00E944E7 /* MainClientViewController.swift */,
				11051B7825C9A79D00477F32 /* ClientsViewController.swift */,
				11A72CFD25F7A6E100E944E7 /* ClientsDataBase.swift */,
			);
			path = Clients;
			sourceTree = "<group>";
		};
		11D4C76A262477A400D83167 /* Managment */ = {
			isa = PBXGroup;
			children = (
				116C372425C98B870074647E /* ManagmentTableViewCell.swift */,
				116C372125C98ABC0074647E /* ManagmentViewController.swift */,
			);
			path = Managment;
			sourceTree = "<group>";
		};
		11E70C072601F01E00822EF6 /* MOBI screen */ = {
			isa = PBXGroup;
			children = (
				11E70C082601F04400822EF6 /* MOBI250.swift */,
				11E70C0B260201CD00822EF6 /* MainMOBEScreen.swift */,
				11E70C0E2603508D00822EF6 /* MOBI120.swift */,
				11E70C11260355E100822EF6 /* MOBI200.swift */,
				11E70C1426035E2100822EF6 /* MOBI300.swift */,
			);
			path = "MOBI screen";
			sourceTree = "<group>";
		};
		29EFF87F9E016593BF9AC2E0 /* Frameworks */ = {
			isa = PBXGroup;
			children = (
				355CD04F8CC3A6DA346C0065 /* Pods_Worky_.framework */,
			);
			name = Frameworks;
			sourceTree = "<group>";
		};
/* End PBXGroup section */

/* Begin PBXNativeTarget section */
		111C9C6E25C1570900E63289 /* Worky. */ = {
			isa = PBXNativeTarget;
			buildConfigurationList = 111C9C8325C1570B00E63289 /* Build configuration list for PBXNativeTarget "Worky." */;
			buildPhases = (
				9315C830FCB59DB1B32F736B /* [CP] Check Pods Manifest.lock */,
				111C9C6B25C1570900E63289 /* Sources */,
				111C9C6C25C1570900E63289 /* Frameworks */,
				111C9C6D25C1570900E63289 /* Resources */,
				EF8E3087CB2EAECC6CACCA73 /* [CP] Embed Pods Frameworks */,
			);
			buildRules = (
			);
			dependencies = (
			);
			name = Worky.;
			productName = Worky.;
			productReference = 111C9C6F25C1570900E63289 /* Worky..app */;
			productType = "com.apple.product-type.application";
		};
/* End PBXNativeTarget section */

/* Begin PBXProject section */
		111C9C6725C1570900E63289 /* Project object */ = {
			isa = PBXProject;
			attributes = {
				LastSwiftUpdateCheck = 1220;
				LastUpgradeCheck = 1220;
				TargetAttributes = {
					111C9C6E25C1570900E63289 = {
						CreatedOnToolsVersion = 12.2;
					};
				};
			};
			buildConfigurationList = 111C9C6A25C1570900E63289 /* Build configuration list for PBXProject "Worky." */;
			compatibilityVersion = "Xcode 9.3";
			developmentRegion = en;
			hasScannedForEncodings = 0;
			knownRegions = (
				en,
				Base,
			);
			mainGroup = 111C9C6625C1570900E63289;
			productRefGroup = 111C9C7025C1570900E63289 /* Products */;
			projectDirPath = "";
			projectRoot = "";
			targets = (
				111C9C6E25C1570900E63289 /* Worky. */,
			);
		};
/* End PBXProject section */

/* Begin PBXResourcesBuildPhase section */
		111C9C6D25C1570900E63289 /* Resources */ = {
			isa = PBXResourcesBuildPhase;
			buildActionMask = 2147483647;
			files = (
				111C9C7F25C1570B00E63289 /* LaunchScreen.storyboard in Resources */,
				111C9C7C25C1570B00E63289 /* Assets.xcassets in Resources */,
				111C9C7A25C1570900E63289 /* Main.storyboard in Resources */,
			);
			runOnlyForDeploymentPostprocessing = 0;
		};
/* End PBXResourcesBuildPhase section */

/* Begin PBXShellScriptBuildPhase section */
		9315C830FCB59DB1B32F736B /* [CP] Check Pods Manifest.lock */ = {
			isa = PBXShellScriptBuildPhase;
			buildActionMask = 2147483647;
			files = (
			);
			inputFileListPaths = (
			);
			inputPaths = (
				"${PODS_PODFILE_DIR_PATH}/Podfile.lock",
				"${PODS_ROOT}/Manifest.lock",
			);
			name = "[CP] Check Pods Manifest.lock";
			outputFileListPaths = (
			);
			outputPaths = (
				"$(DERIVED_FILE_DIR)/Pods-Worky.-checkManifestLockResult.txt",
			);
			runOnlyForDeploymentPostprocessing = 0;
			shellPath = /bin/sh;
			shellScript = "diff \"${PODS_PODFILE_DIR_PATH}/Podfile.lock\" \"${PODS_ROOT}/Manifest.lock\" > /dev/null\nif [ $? != 0 ] ; then\n    # print error to STDERR\n    echo \"error: The sandbox is not in sync with the Podfile.lock. Run 'pod install' or update your CocoaPods installation.\" >&2\n    exit 1\nfi\n# This output is used by Xcode 'outputs' to avoid re-running this script phase.\necho \"SUCCESS\" > \"${SCRIPT_OUTPUT_FILE_0}\"\n";
			showEnvVarsInLog = 0;
		};
		EF8E3087CB2EAECC6CACCA73 /* [CP] Embed Pods Frameworks */ = {
			isa = PBXShellScriptBuildPhase;
			buildActionMask = 2147483647;
			files = (
			);
			inputFileListPaths = (
				"${PODS_ROOT}/Target Support Files/Pods-Worky./Pods-Worky.-frameworks-${CONFIGURATION}-input-files.xcfilelist",
			);
			name = "[CP] Embed Pods Frameworks";
			outputFileListPaths = (
				"${PODS_ROOT}/Target Support Files/Pods-Worky./Pods-Worky.-frameworks-${CONFIGURATION}-output-files.xcfilelist",
			);
			runOnlyForDeploymentPostprocessing = 0;
			shellPath = /bin/sh;
			shellScript = "\"${PODS_ROOT}/Target Support Files/Pods-Worky./Pods-Worky.-frameworks.sh\"\n";
			showEnvVarsInLog = 0;
		};
/* End PBXShellScriptBuildPhase section */

/* Begin PBXSourcesBuildPhase section */
		111C9C6B25C1570900E63289 /* Sources */ = {
			isa = PBXSourcesBuildPhase;
			buildActionMask = 2147483647;
			files = (
				11D4C7782624782B00D83167 /* OrdersController.swift in Sources */,
				113CB18226259BB600BDA963 /* OrdersDataBase.swift in Sources */,
				113B9A5C25F0F5790078D553 /* UserViewController.swift in Sources */,
				11D4C77B2624787900D83167 /* OrdersModel.swift in Sources */,
				111C9C7725C1570900E63289 /* ViewController.swift in Sources */,
				11E70C1526035E2100822EF6 /* MOBI300.swift in Sources */,
				11E70C0C260201CD00822EF6 /* MainMOBEScreen.swift in Sources */,
				11E70C092601F04400822EF6 /* MOBI250.swift in Sources */,
				111C9C7325C1570900E63289 /* AppDelegate.swift in Sources */,
				11A72CFE25F7A6E100E944E7 /* ClientsDataBase.swift in Sources */,
				11A64E06261787CF008470EF /* ToDoController.swift in Sources */,
				116C372525C98B870074647E /* ManagmentTableViewCell.swift in Sources */,
				11E70C12260355E100822EF6 /* MOBI200.swift in Sources */,
				113B9A5F25F0F6C00078D553 /* User.swift in Sources */,
				11E70C0F2603508D00822EF6 /* MOBI120.swift in Sources */,
				11D4C77E2624791500D83167 /* AddOrderController.swift in Sources */,
				11051B7925C9A79D00477F32 /* ClientsViewController.swift in Sources */,
				11A72D0825F7C80C00E944E7 /* MainClientViewController.swift in Sources */,
				113CB18526259BD300BDA963 /* CompletedOrdersController.swift in Sources */,
				111C9C7525C1570900E63289 /* SceneDelegate.swift in Sources */,
				11D4C762261F0F3600D83167 /* AnimationViewController.swift in Sources */,
				11A72D0525F7C26400E944E7 /* ClientTableViewCell.swift in Sources */,
				116C372225C98ABC0074647E /* ManagmentViewController.swift in Sources */,
				11D4C7752624781400D83167 /* OrdersTableViewCell.swift in Sources */,
				113CB1882625AD3A00BDA963 /* CompletedTableViewCell.swift in Sources */,
			);
			runOnlyForDeploymentPostprocessing = 0;
		};
/* End PBXSourcesBuildPhase section */

/* Begin PBXVariantGroup section */
		111C9C7825C1570900E63289 /* Main.storyboard */ = {
			isa = PBXVariantGroup;
			children = (
				111C9C7925C1570900E63289 /* Base */,
			);
			name = Main.storyboard;
			sourceTree = "<group>";
		};
		111C9C7D25C1570B00E63289 /* LaunchScreen.storyboard */ = {
			isa = PBXVariantGroup;
			children = (
				111C9C7E25C1570B00E63289 /* Base */,
			);
			name = LaunchScreen.storyboard;
			sourceTree = "<group>";
		};
/* End PBXVariantGroup section */

/* Begin XCBuildConfiguration section */
		111C9C8125C1570B00E63289 /* Debug */ = {
			isa = XCBuildConfiguration;
			buildSettings = {
				ALWAYS_SEARCH_USER_PATHS = NO;
				CLANG_ANALYZER_NONNULL = YES;
				CLANG_ANALYZER_NUMBER_OBJECT_CONVERSION = YES_AGGRESSIVE;
				CLANG_CXX_LANGUAGE_STANDARD = "gnu++14";
				CLANG_CXX_LIBRARY = "libc++";
				CLANG_ENABLE_MODULES = YES;
				CLANG_ENABLE_OBJC_ARC = YES;
				CLANG_ENABLE_OBJC_WEAK = YES;
				CLANG_WARN_BLOCK_CAPTURE_AUTORELEASING = YES;
				CLANG_WARN_BOOL_CONVERSION = YES;
				CLANG_WARN_COMMA = YES;
				CLANG_WARN_CONSTANT_CONVERSION = YES;
				CLANG_WARN_DEPRECATED_OBJC_IMPLEMENTATIONS = YES;
				CLANG_WARN_DIRECT_OBJC_ISA_USAGE = YES_ERROR;
				CLANG_WARN_DOCUMENTATION_COMMENTS = YES;
				CLANG_WARN_EMPTY_BODY = YES;
				CLANG_WARN_ENUM_CONVERSION = YES;
				CLANG_WARN_INFINITE_RECURSION = YES;
				CLANG_WARN_INT_CONVERSION = YES;
				CLANG_WARN_NON_LITERAL_NULL_CONVERSION = YES;
				CLANG_WARN_OBJC_IMPLICIT_RETAIN_SELF = YES;
				CLANG_WARN_OBJC_LITERAL_CONVERSION = YES;
				CLANG_WARN_OBJC_ROOT_CLASS = YES_ERROR;
				CLANG_WARN_QUOTED_INCLUDE_IN_FRAMEWORK_HEADER = YES;
				CLANG_WARN_RANGE_LOOP_ANALYSIS = YES;
				CLANG_WARN_STRICT_PROTOTYPES = YES;
				CLANG_WARN_SUSPICIOUS_MOVE = YES;
				CLANG_WARN_UNGUARDED_AVAILABILITY = YES_AGGRESSIVE;
				CLANG_WARN_UNREACHABLE_CODE = YES;
				CLANG_WARN__DUPLICATE_METHOD_MATCH = YES;
				COPY_PHASE_STRIP = NO;
				DEBUG_INFORMATION_FORMAT = dwarf;
				ENABLE_STRICT_OBJC_MSGSEND = YES;
				ENABLE_TESTABILITY = YES;
				GCC_C_LANGUAGE_STANDARD = gnu11;
				GCC_DYNAMIC_NO_PIC = NO;
				GCC_NO_COMMON_BLOCKS = YES;
				GCC_OPTIMIZATION_LEVEL = 0;
				GCC_PREPROCESSOR_DEFINITIONS = (
					"DEBUG=1",
					"$(inherited)",
				);
				GCC_WARN_64_TO_32_BIT_CONVERSION = YES;
				GCC_WARN_ABOUT_RETURN_TYPE = YES_ERROR;
				GCC_WARN_UNDECLARED_SELECTOR = YES;
				GCC_WARN_UNINITIALIZED_AUTOS = YES_AGGRESSIVE;
				GCC_WARN_UNUSED_FUNCTION = YES;
				GCC_WARN_UNUSED_VARIABLE = YES;
				IPHONEOS_DEPLOYMENT_TARGET = 14.2;
				MTL_ENABLE_DEBUG_INFO = INCLUDE_SOURCE;
				MTL_FAST_MATH = YES;
				ONLY_ACTIVE_ARCH = YES;
				SDKROOT = iphoneos;
				SWIFT_ACTIVE_COMPILATION_CONDITIONS = DEBUG;
				SWIFT_OPTIMIZATION_LEVEL = "-Onone";
			};
			name = Debug;
		};
		111C9C8225C1570B00E63289 /* Release */ = {
			isa = XCBuildConfiguration;
			buildSettings = {
				ALWAYS_SEARCH_USER_PATHS = NO;
				CLANG_ANALYZER_NONNULL = YES;
				CLANG_ANALYZER_NUMBER_OBJECT_CONVERSION = YES_AGGRESSIVE;
				CLANG_CXX_LANGUAGE_STANDARD = "gnu++14";
				CLANG_CXX_LIBRARY = "libc++";
				CLANG_ENABLE_MODULES = YES;
				CLANG_ENABLE_OBJC_ARC = YES;
				CLANG_ENABLE_OBJC_WEAK = YES;
				CLANG_WARN_BLOCK_CAPTURE_AUTORELEASING = YES;
				CLANG_WARN_BOOL_CONVERSION = YES;
				CLANG_WARN_COMMA = YES;
				CLANG_WARN_CONSTANT_CONVERSION = YES;
				CLANG_WARN_DEPRECATED_OBJC_IMPLEMENTATIONS = YES;
				CLANG_WARN_DIRECT_OBJC_ISA_USAGE = YES_ERROR;
				CLANG_WARN_DOCUMENTATION_COMMENTS = YES;
				CLANG_WARN_EMPTY_BODY = YES;
				CLANG_WARN_ENUM_CONVERSION = YES;
				CLANG_WARN_INFINITE_RECURSION = YES;
				CLANG_WARN_INT_CONVERSION = YES;
				CLANG_WARN_NON_LITERAL_NULL_CONVERSION = YES;
				CLANG_WARN_OBJC_IMPLICIT_RETAIN_SELF = YES;
				CLANG_WARN_OBJC_LITERAL_CONVERSION = YES;
				CLANG_WARN_OBJC_ROOT_CLASS = YES_ERROR;
				CLANG_WARN_QUOTED_INCLUDE_IN_FRAMEWORK_HEADER = YES;
				CLANG_WARN_RANGE_LOOP_ANALYSIS = YES;
				CLANG_WARN_STRICT_PROTOTYPES = YES;
				CLANG_WARN_SUSPICIOUS_MOVE = YES;
				CLANG_WARN_UNGUARDED_AVAILABILITY = YES_AGGRESSIVE;
				CLANG_WARN_UNREACHABLE_CODE = YES;
				CLANG_WARN__DUPLICATE_METHOD_MATCH = YES;
				COPY_PHASE_STRIP = NO;
				DEBUG_INFORMATION_FORMAT = "dwarf-with-dsym";
				ENABLE_NS_ASSERTIONS = NO;
				ENABLE_STRICT_OBJC_MSGSEND = YES;
				GCC_C_LANGUAGE_STANDARD = gnu11;
				GCC_NO_COMMON_BLOCKS = YES;
				GCC_WARN_64_TO_32_BIT_CONVERSION = YES;
				GCC_WARN_ABOUT_RETURN_TYPE = YES_ERROR;
				GCC_WARN_UNDECLARED_SELECTOR = YES;
				GCC_WARN_UNINITIALIZED_AUTOS = YES_AGGRESSIVE;
				GCC_WARN_UNUSED_FUNCTION = YES;
				GCC_WARN_UNUSED_VARIABLE = YES;
				IPHONEOS_DEPLOYMENT_TARGET = 14.2;
				MTL_ENABLE_DEBUG_INFO = NO;
				MTL_FAST_MATH = YES;
				SDKROOT = iphoneos;
				SWIFT_COMPILATION_MODE = wholemodule;
				SWIFT_OPTIMIZATION_LEVEL = "-O";
				VALIDATE_PRODUCT = YES;
			};
			name = Release;
		};
		111C9C8425C1570B00E63289 /* Debug */ = {
			isa = XCBuildConfiguration;
			baseConfigurationReference = DB69145FFDB5B0905B3AA415 /* Pods-Worky..debug.xcconfig */;
			buildSettings = {
				ASSETCATALOG_COMPILER_APPICON_NAME = AppIcon;
				ASSETCATALOG_COMPILER_GLOBAL_ACCENT_COLOR_NAME = AccentColor;
				CODE_SIGN_STYLE = Automatic;
				DEVELOPMENT_TEAM = 928ZPH79LQ;
				INFOPLIST_FILE = Worky./Info.plist;
				LD_RUNPATH_SEARCH_PATHS = (
					"$(inherited)",
					"@executable_path/Frameworks",
				);
				PRODUCT_BUNDLE_IDENTIFIER = "mycompany.Worky-";
				PRODUCT_NAME = "$(TARGET_NAME)";
				SWIFT_VERSION = 5.0;
				TARGETED_DEVICE_FAMILY = 1;
			};
			name = Debug;
		};
		111C9C8525C1570B00E63289 /* Release */ = {
			isa = XCBuildConfiguration;
			baseConfigurationReference = CF883269893FB4F6FA275E95 /* Pods-Worky..release.xcconfig */;
			buildSettings = {
				ASSETCATALOG_COMPILER_APPICON_NAME = AppIcon;
				ASSETCATALOG_COMPILER_GLOBAL_ACCENT_COLOR_NAME = AccentColor;
				CODE_SIGN_STYLE = Automatic;
				DEVELOPMENT_TEAM = 928ZPH79LQ;
				INFOPLIST_FILE = Worky./Info.plist;
				LD_RUNPATH_SEARCH_PATHS = (
					"$(inherited)",
					"@executable_path/Frameworks",
				);
				PRODUCT_BUNDLE_IDENTIFIER = "mycompany.Worky-";
				PRODUCT_NAME = "$(TARGET_NAME)";
				SWIFT_VERSION = 5.0;
				TARGETED_DEVICE_FAMILY = 1;
			};
			name = Release;
		};
/* End XCBuildConfiguration section */

/* Begin XCConfigurationList section */
		111C9C6A25C1570900E63289 /* Build configuration list for PBXProject "Worky." */ = {
			isa = XCConfigurationList;
			buildConfigurations = (
				111C9C8125C1570B00E63289 /* Debug */,
				111C9C8225C1570B00E63289 /* Release */,
			);
			defaultConfigurationIsVisible = 0;
			defaultConfigurationName = Release;
		};
		111C9C8325C1570B00E63289 /* Build configuration list for PBXNativeTarget "Worky." */ = {
			isa = XCConfigurationList;
			buildConfigurations = (
				111C9C8425C1570B00E63289 /* Debug */,
				111C9C8525C1570B00E63289 /* Release */,
			);
			defaultConfigurationIsVisible = 0;
			defaultConfigurationName = Release;
		};
/* End XCConfigurationList section */
	};
	rootObject = 111C9C6725C1570900E63289 /* Project object */;
}
